// !$*UTF8*$!
{
	archiveVersion = 1;
	classes = {
	};
	objectVersion = 50;
	objects = {

/* Begin PBXBuildFile section */
		240ECF552488CB0E0006A449 /* MesNotes.rtf in Resources */ = {isa = PBXBuildFile; fileRef = 240ECF542488CB0E0006A449 /* MesNotes.rtf */; };
		240ECF572488D0780006A449 /* Constants.swift in Sources */ = {isa = PBXBuildFile; fileRef = 240ECF562488D0780006A449 /* Constants.swift */; };
		240ECF592488D64D0006A449 /* Videos.swift in Sources */ = {isa = PBXBuildFile; fileRef = 240ECF582488D64D0006A449 /* Videos.swift */; };
		240ECF5B2488D6E30006A449 /* Model.swift in Sources */ = {isa = PBXBuildFile; fileRef = 240ECF5A2488D6E30006A449 /* Model.swift */; };
		240ECF5D2488FC040006A449 /* Response.swift in Sources */ = {isa = PBXBuildFile; fileRef = 240ECF5C2488FC040006A449 /* Response.swift */; };
		240F0F632494E5CC00BA05D9 /* DetailsUIViewController.swift in Sources */ = {isa = PBXBuildFile; fileRef = 240F0F622494E5CC00BA05D9 /* DetailsUIViewController.swift */; };
		241650C12494D53F00EB9C76 /* VideoTableViewCell.swift in Sources */ = {isa = PBXBuildFile; fileRef = 241650C02494D53F00EB9C76 /* VideoTableViewCell.swift */; };
		241650C32494D7B400EB9C76 /* CacheManager.swift in Sources */ = {isa = PBXBuildFile; fileRef = 241650C22494D7B400EB9C76 /* CacheManager.swift */; };
		2471B6FA2488444B00B471F8 /* AppDelegate.swift in Sources */ = {isa = PBXBuildFile; fileRef = 2471B6F92488444B00B471F8 /* AppDelegate.swift */; };
		2471B6FC2488444B00B471F8 /* SceneDelegate.swift in Sources */ = {isa = PBXBuildFile; fileRef = 2471B6FB2488444B00B471F8 /* SceneDelegate.swift */; };
		2471B6FE2488444B00B471F8 /* ViewController.swift in Sources */ = {isa = PBXBuildFile; fileRef = 2471B6FD2488444B00B471F8 /* ViewController.swift */; };
		2471B7012488444B00B471F8 /* Main.storyboard in Resources */ = {isa = PBXBuildFile; fileRef = 2471B6FF2488444B00B471F8 /* Main.storyboard */; };
		2471B7032488445000B471F8 /* Assets.xcassets in Resources */ = {isa = PBXBuildFile; fileRef = 2471B7022488445000B471F8 /* Assets.xcassets */; };
		2471B7062488445000B471F8 /* LaunchScreen.storyboard in Resources */ = {isa = PBXBuildFile; fileRef = 2471B7042488445000B471F8 /* LaunchScreen.storyboard */; };
/* End PBXBuildFile section */

/* Begin PBXFileReference section */
		240ECF542488CB0E0006A449 /* MesNotes.rtf */ = {isa = PBXFileReference; lastKnownFileType = text.rtf; path = MesNotes.rtf; sourceTree = "<group>"; };
		240ECF562488D0780006A449 /* Constants.swift */ = {isa = PBXFileReference; lastKnownFileType = sourcecode.swift; path = Constants.swift; sourceTree = "<group>"; };
		240ECF582488D64D0006A449 /* Videos.swift */ = {isa = PBXFileReference; lastKnownFileType = sourcecode.swift; path = Videos.swift; sourceTree = "<group>"; };
		240ECF5A2488D6E30006A449 /* Model.swift */ = {isa = PBXFileReference; lastKnownFileType = sourcecode.swift; path = Model.swift; sourceTree = "<group>"; };
		240ECF5C2488FC040006A449 /* Response.swift */ = {isa = PBXFileReference; lastKnownFileType = sourcecode.swift; path = Response.swift; sourceTree = "<group>"; };
		240F0F622494E5CC00BA05D9 /* DetailsUIViewController.swift */ = {isa = PBXFileReference; lastKnownFileType = sourcecode.swift; path = DetailsUIViewController.swift; sourceTree = "<group>"; };
		241650C02494D53F00EB9C76 /* VideoTableViewCell.swift */ = {isa = PBXFileReference; lastKnownFileType = sourcecode.swift; path = VideoTableViewCell.swift; sourceTree = "<group>"; };
		241650C22494D7B400EB9C76 /* CacheManager.swift */ = {isa = PBXFileReference; lastKnownFileType = sourcecode.swift; path = CacheManager.swift; sourceTree = "<group>"; };
		2471B6F62488444B00B471F8 /* AppYoutube.app */ = {isa = PBXFileReference; explicitFileType = wrapper.application; includeInIndex = 0; path = AppYoutube.app; sourceTree = BUILT_PRODUCTS_DIR; };
		2471B6F92488444B00B471F8 /* AppDelegate.swift */ = {isa = PBXFileReference; lastKnownFileType = sourcecode.swift; path = AppDelegate.swift; sourceTree = "<group>"; };
		2471B6FB2488444B00B471F8 /* SceneDelegate.swift */ = {isa = PBXFileReference; lastKnownFileType = sourcecode.swift; path = SceneDelegate.swift; sourceTree = "<group>"; };
		2471B6FD2488444B00B471F8 /* ViewController.swift */ = {isa = PBXFileReference; lastKnownFileType = sourcecode.swift; path = ViewController.swift; sourceTree = "<group>"; };
		2471B7002488444B00B471F8 /* Base */ = {isa = PBXFileReference; lastKnownFileType = file.storyboard; name = Base; path = Base.lproj/Main.storyboard; sourceTree = "<group>"; };
		2471B7022488445000B471F8 /* Assets.xcassets */ = {isa = PBXFileReference; lastKnownFileType = folder.assetcatalog; path = Assets.xcassets; sourceTree = "<group>"; };
		2471B7052488445000B471F8 /* Base */ = {isa = PBXFileReference; lastKnownFileType = file.storyboard; name = Base; path = Base.lproj/LaunchScreen.storyboard; sourceTree = "<group>"; };
		2471B7072488445000B471F8 /* Info.plist */ = {isa = PBXFileReference; lastKnownFileType = text.plist.xml; path = Info.plist; sourceTree = "<group>"; };
/* End PBXFileReference section */

/* Begin PBXFrameworksBuildPhase section */
		2471B6F32488444B00B471F8 /* Frameworks */ = {
			isa = PBXFrameworksBuildPhase;
			buildActionMask = 2147483647;
			files = (
			);
			runOnlyForDeploymentPostprocessing = 0;
		};
/* End PBXFrameworksBuildPhase section */

/* Begin PBXGroup section */
		2471B6ED2488444B00B471F8 = {
			isa = PBXGroup;
			children = (
				241650C22494D7B400EB9C76 /* CacheManager.swift */,
				240ECF542488CB0E0006A449 /* MesNotes.rtf */,
				2471B6F82488444B00B471F8 /* AppYoutube */,
				2471B6F72488444B00B471F8 /* Products */,
			);
			sourceTree = "<group>";
		};
		2471B6F72488444B00B471F8 /* Products */ = {
			isa = PBXGroup;
			children = (
				2471B6F62488444B00B471F8 /* AppYoutube.app */,
			);
			name = Products;
			sourceTree = "<group>";
		};
		2471B6F82488444B00B471F8 /* AppYoutube */ = {
			isa = PBXGroup;
			children = (
				2471B6F92488444B00B471F8 /* AppDelegate.swift */,
				2471B6FB2488444B00B471F8 /* SceneDelegate.swift */,
				2471B6FD2488444B00B471F8 /* ViewController.swift */,
				2471B6FF2488444B00B471F8 /* Main.storyboard */,
				240F0F622494E5CC00BA05D9 /* DetailsUIViewController.swift */,
				2471B7022488445000B471F8 /* Assets.xcassets */,
				2471B7042488445000B471F8 /* LaunchScreen.storyboard */,
				2471B7072488445000B471F8 /* Info.plist */,
				240ECF562488D0780006A449 /* Constants.swift */,
				240ECF5C2488FC040006A449 /* Response.swift */,
				240ECF582488D64D0006A449 /* Videos.swift */,
				240ECF5A2488D6E30006A449 /* Model.swift */,
				241650C02494D53F00EB9C76 /* VideoTableViewCell.swift */,
			);
			path = AppYoutube;
			sourceTree = "<group>";
		};
/* End PBXGroup section */

/* Begin PBXNativeTarget section */
		2471B6F52488444B00B471F8 /* AppYoutube */ = {
			isa = PBXNativeTarget;
			buildConfigurationList = 2471B70A2488445000B471F8 /* Build configuration list for PBXNativeTarget "AppYoutube" */;
			buildPhases = (
				2471B6F22488444B00B471F8 /* Sources */,
				2471B6F32488444B00B471F8 /* Frameworks */,
				2471B6F42488444B00B471F8 /* Resources */,
			);
			buildRules = (
			);
			dependencies = (
			);
			name = AppYoutube;
			productName = AppYoutube;
			productReference = 2471B6F62488444B00B471F8 /* AppYoutube.app */;
			productType = "com.apple.product-type.application";
		};
/* End PBXNativeTarget section */

/* Begin PBXProject section */
		2471B6EE2488444B00B471F8 /* Project object */ = {
			isa = PBXProject;
			attributes = {
				LastSwiftUpdateCheck = 1130;
				LastUpgradeCheck = 1130;
				ORGANIZATIONNAME = "Nadia Mettioui";
				TargetAttributes = {
					2471B6F52488444B00B471F8 = {
						CreatedOnToolsVersion = 11.3.1;
					};
				};
			};
			buildConfigurationList = 2471B6F12488444B00B471F8 /* Build configuration list for PBXProject "AppYoutube" */;
			compatibilityVersion = "Xcode 9.3";
			developmentRegion = en;
			hasScannedForEncodings = 0;
			knownRegions = (
				en,
				Base,
			);
			mainGroup = 2471B6ED2488444B00B471F8;
			productRefGroup = 2471B6F72488444B00B471F8 /* Products */;
			projectDirPath = "";
			projectRoot = "";
			targets = (
				2471B6F52488444B00B471F8 /* AppYoutube */,
			);
		};
/* End PBXProject section */

/* Begin PBXResourcesBuildPhase section */
		2471B6F42488444B00B471F8 /* Resources */ = {
			isa = PBXResourcesBuildPhase;
			buildActionMask = 2147483647;
			files = (
				240ECF552488CB0E0006A449 /* MesNotes.rtf in Resources */,
				2471B7062488445000B471F8 /* LaunchScreen.storyboard in Resources */,
				2471B7032488445000B471F8 /* Assets.xcassets in Resources */,
				2471B7012488444B00B471F8 /* Main.storyboard in Resources */,
			);
			runOnlyForDeploymentPostprocessing = 0;
		};
/* End PBXResourcesBuildPhase section */

/* Begin PBXSourcesBuildPhase section */
		2471B6F22488444B00B471F8 /* Sources */ = {
			isa = PBXSourcesBuildPhase;
			buildActionMask = 2147483647;
			files = (
				2471B6FE2488444B00B471F8 /* ViewController.swift in Sources */,
				240F0F632494E5CC00BA05D9 /* DetailsUIViewController.swift in Sources */,
				241650C32494D7B400EB9C76 /* CacheManager.swift in Sources */,
				2471B6FA2488444B00B471F8 /* AppDelegate.swift in Sources */,
				2471B6FC2488444B00B471F8 /* SceneDelegate.swift in Sources */,
				240ECF5B2488D6E30006A449 /* Model.swift in Sources */,
				240ECF592488D64D0006A449 /* Videos.swift in Sources */,
				241650C12494D53F00EB9C76 /* VideoTableViewCell.swift in Sources */,
				240ECF572488D0780006A449 /* Constants.swift in Sources */,
				240ECF5D2488FC040006A449 /* Response.swift in Sources */,
			);
			runOnlyForDeploymentPostprocessing = 0;
		};
/* End PBXSourcesBuildPhase section */

/* Begin PBXVariantGroup section */
		2471B6FF2488444B00B471F8 /* Main.storyboard */ = {
			isa = PBXVariantGroup;
			children = (
				2471B7002488444B00B471F8 /* Base */,
			);
			name = Main.storyboard;
			sourceTree = "<group>";
		};
		2471B7042488445000B471F8 /* LaunchScreen.storyboard */ = {
			isa = PBXVariantGroup;
			children = (
				2471B7052488445000B471F8 /* Base */,
			);
			name = LaunchScreen.storyboard;
			sourceTree = "<group>";
		};
/* End PBXVariantGroup section */

/* Begin XCBuildConfiguration section */
		2471B7082488445000B471F8 /* Debug */ = {
			isa = XCBuildConfiguration;
			buildSettings = {
				ALWAYS_SEARCH_USER_PATHS = NO;
				CLANG_ANALYZER_NONNULL = YES;
				CLANG_ANALYZER_NUMBER_OBJECT_CONVERSION = YES_AGGRESSIVE;
				CLANG_CXX_LANGUAGE_STANDARD = "gnu++14";
				CLANG_CXX_LIBRARY = "libc++";
				CLANG_ENABLE_MODULES = YES;
				CLANG_ENABLE_OBJC_ARC = YES;
				CLANG_ENABLE_OBJC_WEAK = YES;
				CLANG_WARN_BLOCK_CAPTURE_AUTORELEASING = YES;
				CLANG_WARN_BOOL_CONVERSION = YES;
				CLANG_WARN_COMMA = YES;
				CLANG_WARN_CONSTANT_CONVERSION = YES;
				CLANG_WARN_DEPRECATED_OBJC_IMPLEMENTATIONS = YES;
				CLANG_WARN_DIRECT_OBJC_ISA_USAGE = YES_ERROR;
				CLANG_WARN_DOCUMENTATION_COMMENTS = YES;
				CLANG_WARN_EMPTY_BODY = YES;
				CLANG_WARN_ENUM_CONVERSION = YES;
				CLANG_WARN_INFINITE_RECURSION = YES;
				CLANG_WARN_INT_CONVERSION = YES;
				CLANG_WARN_NON_LITERAL_NULL_CONVERSION = YES;
				CLANG_WARN_OBJC_IMPLICIT_RETAIN_SELF = YES;
				CLANG_WARN_OBJC_LITERAL_CONVERSION = YES;
				CLANG_WARN_OBJC_ROOT_CLASS = YES_ERROR;
				CLANG_WARN_RANGE_LOOP_ANALYSIS = YES;
				CLANG_WARN_STRICT_PROTOTYPES = YES;
				CLANG_WARN_SUSPICIOUS_MOVE = YES;
				CLANG_WARN_UNGUARDED_AVAILABILITY = YES_AGGRESSIVE;
				CLANG_WARN_UNREACHABLE_CODE = YES;
				CLANG_WARN__DUPLICATE_METHOD_MATCH = YES;
				COPY_PHASE_STRIP = NO;
				DEBUG_INFORMATION_FORMAT = dwarf;
				ENABLE_STRICT_OBJC_MSGSEND = YES;
				ENABLE_TESTABILITY = YES;
				GCC_C_LANGUAGE_STANDARD = gnu11;
				GCC_DYNAMIC_NO_PIC = NO;
				GCC_NO_COMMON_BLOCKS = YES;
				GCC_OPTIMIZATION_LEVEL = 0;
				GCC_PREPROCESSOR_DEFINITIONS = (
					"DEBUG=1",
					"$(inherited)",
				);
				GCC_WARN_64_TO_32_BIT_CONVERSION = YES;
				GCC_WARN_ABOUT_RETURN_TYPE = YES_ERROR;
				GCC_WARN_UNDECLARED_SELECTOR = YES;
				GCC_WARN_UNINITIALIZED_AUTOS = YES_AGGRESSIVE;
				GCC_WARN_UNUSED_FUNCTION = YES;
				GCC_WARN_UNUSED_VARIABLE = YES;
				IPHONEOS_DEPLOYMENT_TARGET = 13.0;
				MTL_ENABLE_DEBUG_INFO = INCLUDE_SOURCE;
				MTL_FAST_MATH = YES;
				ONLY_ACTIVE_ARCH = YES;
				SDKROOT = iphoneos;
				SWIFT_ACTIVE_COMPILATION_CONDITIONS = DEBUG;
				SWIFT_OPTIMIZATION_LEVEL = "-Onone";
			};
			name = Debug;
		};
		2471B7092488445000B471F8 /* Release */ = {
			isa = XCBuildConfiguration;
			buildSettings = {
				ALWAYS_SEARCH_USER_PATHS = NO;
				CLANG_ANALYZER_NONNULL = YES;
				CLANG_ANALYZER_NUMBER_OBJECT_CONVERSION = YES_AGGRESSIVE;
				CLANG_CXX_LANGUAGE_STANDARD = "gnu++14";
				CLANG_CXX_LIBRARY = "libc++";
				CLANG_ENABLE_MODULES = YES;
				CLANG_ENABLE_OBJC_ARC = YES;
				CLANG_ENABLE_OBJC_WEAK = YES;
				CLANG_WARN_BLOCK_CAPTURE_AUTORELEASING = YES;
				CLANG_WARN_BOOL_CONVERSION = YES;
				CLANG_WARN_COMMA = YES;
				CLANG_WARN_CONSTANT_CONVERSION = YES;
				CLANG_WARN_DEPRECATED_OBJC_IMPLEMENTATIONS = YES;
				CLANG_WARN_DIRECT_OBJC_ISA_USAGE = YES_ERROR;
				CLANG_WARN_DOCUMENTATION_COMMENTS = YES;
				CLANG_WARN_EMPTY_BODY = YES;
				CLANG_WARN_ENUM_CONVERSION = YES;
				CLANG_WARN_INFINITE_RECURSION = YES;
				CLANG_WARN_INT_CONVERSION = YES;
				CLANG_WARN_NON_LITERAL_NULL_CONVERSION = YES;
				CLANG_WARN_OBJC_IMPLICIT_RETAIN_SELF = YES;
				CLANG_WARN_OBJC_LITERAL_CONVERSION = YES;
				CLANG_WARN_OBJC_ROOT_CLASS = YES_ERROR;
				CLANG_WARN_RANGE_LOOP_ANALYSIS = YES;
				CLANG_WARN_STRICT_PROTOTYPES = YES;
				CLANG_WARN_SUSPICIOUS_MOVE = YES;
				CLANG_WARN_UNGUARDED_AVAILABILITY = YES_AGGRESSIVE;
				CLANG_WARN_UNREACHABLE_CODE = YES;
				CLANG_WARN__DUPLICATE_METHOD_MATCH = YES;
				COPY_PHASE_STRIP = NO;
				DEBUG_INFORMATION_FORMAT = "dwarf-with-dsym";
				ENABLE_NS_ASSERTIONS = NO;
				ENABLE_STRICT_OBJC_MSGSEND = YES;
				GCC_C_LANGUAGE_STANDARD = gnu11;
				GCC_NO_COMMON_BLOCKS = YES;
				GCC_WARN_64_TO_32_BIT_CONVERSION = YES;
				GCC_WARN_ABOUT_RETURN_TYPE = YES_ERROR;
				GCC_WARN_UNDECLARED_SELECTOR = YES;
				GCC_WARN_UNINITIALIZED_AUTOS = YES_AGGRESSIVE;
				GCC_WARN_UNUSED_FUNCTION = YES;
				GCC_WARN_UNUSED_VARIABLE = YES;
				IPHONEOS_DEPLOYMENT_TARGET = 13.0;
				MTL_ENABLE_DEBUG_INFO = NO;
				MTL_FAST_MATH = YES;
				SDKROOT = iphoneos;
				SWIFT_COMPILATION_MODE = wholemodule;
				SWIFT_OPTIMIZATION_LEVEL = "-O";
				VALIDATE_PRODUCT = YES;
			};
			name = Release;
		};
		2471B70B2488445000B471F8 /* Debug */ = {
			isa = XCBuildConfiguration;
			buildSettings = {
				ASSETCATALOG_COMPILER_APPICON_NAME = AppIcon;
				CODE_SIGN_STYLE = Automatic;
				DEVELOPMENT_TEAM = GVV2Q84CVQ;
				INFOPLIST_FILE = AppYoutube/Info.plist;
				LD_RUNPATH_SEARCH_PATHS = (
					"$(inherited)",
					"@executable_path/Frameworks",
				);
				PRODUCT_BUNDLE_IDENTIFIER = com.siraniadam.com.AppYoutube;
				PRODUCT_NAME = "$(TARGET_NAME)";
				SWIFT_VERSION = 5.0;
				TARGETED_DEVICE_FAMILY = "1,2";
			};
			name = Debug;
		};
		2471B70C2488445000B471F8 /* Release */ = {
			isa = XCBuildConfiguration;
			buildSettings = {
				ASSETCATALOG_COMPILER_APPICON_NAME = AppIcon;
				CODE_SIGN_STYLE = Automatic;
				DEVELOPMENT_TEAM = GVV2Q84CVQ;
				INFOPLIST_FILE = AppYoutube/Info.plist;
				LD_RUNPATH_SEARCH_PATHS = (
					"$(inherited)",
					"@executable_path/Frameworks",
				);
				PRODUCT_BUNDLE_IDENTIFIER = com.siraniadam.com.AppYoutube;
				PRODUCT_NAME = "$(TARGET_NAME)";
				SWIFT_VERSION = 5.0;
				TARGETED_DEVICE_FAMILY = "1,2";
			};
			name = Release;
		};
/* End XCBuildConfiguration section */

/* Begin XCConfigurationList section */
		2471B6F12488444B00B471F8 /* Build configuration list for PBXProject "AppYoutube" */ = {
			isa = XCConfigurationList;
			buildConfigurations = (
				2471B7082488445000B471F8 /* Debug */,
				2471B7092488445000B471F8 /* Release */,
			);
			defaultConfigurationIsVisible = 0;
			defaultConfigurationName = Release;
		};
		2471B70A2488445000B471F8 /* Build configuration list for PBXNativeTarget "AppYoutube" */ = {
			isa = XCConfigurationList;
			buildConfigurations = (
				2471B70B2488445000B471F8 /* Debug */,
				2471B70C2488445000B471F8 /* Release */,
			);
			defaultConfigurationIsVisible = 0;
			defaultConfigurationName = Release;
		};
/* End XCConfigurationList section */
	};
	rootObject = 2471B6EE2488444B00B471F8 /* Project object */;
}
